{
  "nodes": {
    "nixpkgs": {
      "locked": {
        "lastModified": 1601840192,
        "narHash": "sha256-QKCTftUgKrosAa93C/qdAi7rbJ2fYCTdxjNgbEJSF48=",
        "owner": "NixOS",
        "repo": "nixpkgs",
        "rev": "0d0660fde3bb53a3d013b65e5e141eb11d1efb82",
        "type": "github"
      },
      "original": {
        "owner": "NixOS",
        "ref": "nixos-20.03",
        "repo": "nixpkgs",
        "type": "github"
      }
    },
    "root": {
      "inputs": {
        "nixpkgs": "nixpkgs"
      }
    }
  },
  "root": "root",
  "version": 7
}
